// !$*UTF8*$!
{
	archiveVersion = 1;
	classes = {
	};
	objectVersion = 50;
	objects = {

/* Begin PBXBuildFile section */
		2775EE2321E2FB18001E1291 /* AppDelegate.swift in Sources */ = {isa = PBXBuildFile; fileRef = 2775EE2221E2FB18001E1291 /* AppDelegate.swift */; };
		2775EE2521E2FB18001E1291 /* ViewController.swift in Sources */ = {isa = PBXBuildFile; fileRef = 2775EE2421E2FB18001E1291 /* ViewController.swift */; };
		2775EE2821E2FB18001E1291 /* Main.storyboard in Resources */ = {isa = PBXBuildFile; fileRef = 2775EE2621E2FB18001E1291 /* Main.storyboard */; };
		2775EE2A21E2FB1B001E1291 /* Assets.xcassets in Resources */ = {isa = PBXBuildFile; fileRef = 2775EE2921E2FB1B001E1291 /* Assets.xcassets */; };
		2775EE2D21E2FB1B001E1291 /* LaunchScreen.storyboard in Resources */ = {isa = PBXBuildFile; fileRef = 2775EE2B21E2FB1B001E1291 /* LaunchScreen.storyboard */; };
		2775EE3821E2FB1B001E1291 /* HomeWork1Tests.swift in Sources */ = {isa = PBXBuildFile; fileRef = 2775EE3721E2FB1B001E1291 /* HomeWork1Tests.swift */; };
		2775EE4321E2FB1B001E1291 /* HomeWork1UITests.swift in Sources */ = {isa = PBXBuildFile; fileRef = 2775EE4221E2FB1B001E1291 /* HomeWork1UITests.swift */; };
		2775EE5121E35F25001E1291 /* RootViewController.swift in Sources */ = {isa = PBXBuildFile; fileRef = 2775EE5021E35F25001E1291 /* RootViewController.swift */; };
/* End PBXBuildFile section */

/* Begin PBXContainerItemProxy section */
		2775EE3421E2FB1B001E1291 /* PBXContainerItemProxy */ = {
			isa = PBXContainerItemProxy;
			containerPortal = 2775EE1721E2FB18001E1291 /* Project object */;
			proxyType = 1;
			remoteGlobalIDString = 2775EE1E21E2FB18001E1291;
			remoteInfo = HomeWork1;
		};
		2775EE3F21E2FB1B001E1291 /* PBXContainerItemProxy */ = {
			isa = PBXContainerItemProxy;
			containerPortal = 2775EE1721E2FB18001E1291 /* Project object */;
			proxyType = 1;
			remoteGlobalIDString = 2775EE1E21E2FB18001E1291;
			remoteInfo = HomeWork1;
		};
/* End PBXContainerItemProxy section */

/* Begin PBXFileReference section */
		2775EE1F21E2FB18001E1291 /* HomeWork1.app */ = {isa = PBXFileReference; explicitFileType = wrapper.application; includeInIndex = 0; path = HomeWork1.app; sourceTree = BUILT_PRODUCTS_DIR; };
		2775EE2221E2FB18001E1291 /* AppDelegate.swift */ = {isa = PBXFileReference; lastKnownFileType = sourcecode.swift; path = AppDelegate.swift; sourceTree = "<group>"; };
		2775EE2421E2FB18001E1291 /* ViewController.swift */ = {isa = PBXFileReference; lastKnownFileType = sourcecode.swift; path = ViewController.swift; sourceTree = "<group>"; };
		2775EE2721E2FB18001E1291 /* Base */ = {isa = PBXFileReference; lastKnownFileType = file.storyboard; name = Base; path = Base.lproj/Main.storyboard; sourceTree = "<group>"; };
		2775EE2921E2FB1B001E1291 /* Assets.xcassets */ = {isa = PBXFileReference; lastKnownFileType = folder.assetcatalog; path = Assets.xcassets; sourceTree = "<group>"; };
		2775EE2C21E2FB1B001E1291 /* Base */ = {isa = PBXFileReference; lastKnownFileType = file.storyboard; name = Base; path = Base.lproj/LaunchScreen.storyboard; sourceTree = "<group>"; };
		2775EE2E21E2FB1B001E1291 /* Info.plist */ = {isa = PBXFileReference; lastKnownFileType = text.plist.xml; path = Info.plist; sourceTree = "<group>"; };
		2775EE3321E2FB1B001E1291 /* HomeWork1Tests.xctest */ = {isa = PBXFileReference; explicitFileType = wrapper.cfbundle; includeInIndex = 0; path = HomeWork1Tests.xctest; sourceTree = BUILT_PRODUCTS_DIR; };
		2775EE3721E2FB1B001E1291 /* HomeWork1Tests.swift */ = {isa = PBXFileReference; lastKnownFileType = sourcecode.swift; path = HomeWork1Tests.swift; sourceTree = "<group>"; };
		2775EE3921E2FB1B001E1291 /* Info.plist */ = {isa = PBXFileReference; lastKnownFileType = text.plist.xml; path = Info.plist; sourceTree = "<group>"; };
		2775EE3E21E2FB1B001E1291 /* HomeWork1UITests.xctest */ = {isa = PBXFileReference; explicitFileType = wrapper.cfbundle; includeInIndex = 0; path = HomeWork1UITests.xctest; sourceTree = BUILT_PRODUCTS_DIR; };
		2775EE4221E2FB1B001E1291 /* HomeWork1UITests.swift */ = {isa = PBXFileReference; lastKnownFileType = sourcecode.swift; path = HomeWork1UITests.swift; sourceTree = "<group>"; };
		2775EE4421E2FB1B001E1291 /* Info.plist */ = {isa = PBXFileReference; lastKnownFileType = text.plist.xml; path = Info.plist; sourceTree = "<group>"; };
		2775EE5021E35F25001E1291 /* RootViewController.swift */ = {isa = PBXFileReference; lastKnownFileType = sourcecode.swift; path = RootViewController.swift; sourceTree = "<group>"; };
/* End PBXFileReference section */

/* Begin PBXFrameworksBuildPhase section */
		2775EE1C21E2FB18001E1291 /* Frameworks */ = {
			isa = PBXFrameworksBuildPhase;
			buildActionMask = 2147483647;
			files = (
			);
			runOnlyForDeploymentPostprocessing = 0;
		};
		2775EE3021E2FB1B001E1291 /* Frameworks */ = {
			isa = PBXFrameworksBuildPhase;
			buildActionMask = 2147483647;
			files = (
			);
			runOnlyForDeploymentPostprocessing = 0;
		};
		2775EE3B21E2FB1B001E1291 /* Frameworks */ = {
			isa = PBXFrameworksBuildPhase;
			buildActionMask = 2147483647;
			files = (
			);
			runOnlyForDeploymentPostprocessing = 0;
		};
/* End PBXFrameworksBuildPhase section */

/* Begin PBXGroup section */
		2775EE1621E2FB18001E1291 = {
			isa = PBXGroup;
			children = (
				2775EE2121E2FB18001E1291 /* HomeWork1 */,
				2775EE3621E2FB1B001E1291 /* HomeWork1Tests */,
				2775EE4121E2FB1B001E1291 /* HomeWork1UITests */,
				2775EE2021E2FB18001E1291 /* Products */,
			);
			sourceTree = "<group>";
		};
		2775EE2021E2FB18001E1291 /* Products */ = {
			isa = PBXGroup;
			children = (
				2775EE1F21E2FB18001E1291 /* HomeWork1.app */,
				2775EE3321E2FB1B001E1291 /* HomeWork1Tests.xctest */,
				2775EE3E21E2FB1B001E1291 /* HomeWork1UITests.xctest */,
			);
			name = Products;
			sourceTree = "<group>";
		};
		2775EE2121E2FB18001E1291 /* HomeWork1 */ = {
			isa = PBXGroup;
			children = (
				2775EE2221E2FB18001E1291 /* AppDelegate.swift */,
				2775EE2421E2FB18001E1291 /* ViewController.swift */,
				2775EE2621E2FB18001E1291 /* Main.storyboard */,
				2775EE2921E2FB1B001E1291 /* Assets.xcassets */,
				2775EE2B21E2FB1B001E1291 /* LaunchScreen.storyboard */,
				2775EE2E21E2FB1B001E1291 /* Info.plist */,
				2775EE5021E35F25001E1291 /* RootViewController.swift */,
			);
			path = HomeWork1;
			sourceTree = "<group>";
		};
		2775EE3621E2FB1B001E1291 /* HomeWork1Tests */ = {
			isa = PBXGroup;
			children = (
				2775EE3721E2FB1B001E1291 /* HomeWork1Tests.swift */,
				2775EE3921E2FB1B001E1291 /* Info.plist */,
			);
			path = HomeWork1Tests;
			sourceTree = "<group>";
		};
		2775EE4121E2FB1B001E1291 /* HomeWork1UITests */ = {
			isa = PBXGroup;
			children = (
				2775EE4221E2FB1B001E1291 /* HomeWork1UITests.swift */,
				2775EE4421E2FB1B001E1291 /* Info.plist */,
			);
			path = HomeWork1UITests;
			sourceTree = "<group>";
		};
/* End PBXGroup section */

/* Begin PBXNativeTarget section */
		2775EE1E21E2FB18001E1291 /* HomeWork1 */ = {
			isa = PBXNativeTarget;
			buildConfigurationList = 2775EE4721E2FB1B001E1291 /* Build configuration list for PBXNativeTarget "HomeWork1" */;
			buildPhases = (
				2775EE1B21E2FB18001E1291 /* Sources */,
				2775EE1C21E2FB18001E1291 /* Frameworks */,
				2775EE1D21E2FB18001E1291 /* Resources */,
			);
			buildRules = (
			);
			dependencies = (
			);
			name = HomeWork1;
			productName = HomeWork1;
			productReference = 2775EE1F21E2FB18001E1291 /* HomeWork1.app */;
			productType = "com.apple.product-type.application";
		};
		2775EE3221E2FB1B001E1291 /* HomeWork1Tests */ = {
			isa = PBXNativeTarget;
			buildConfigurationList = 2775EE4A21E2FB1B001E1291 /* Build configuration list for PBXNativeTarget "HomeWork1Tests" */;
			buildPhases = (
				2775EE2F21E2FB1B001E1291 /* Sources */,
				2775EE3021E2FB1B001E1291 /* Frameworks */,
				2775EE3121E2FB1B001E1291 /* Resources */,
			);
			buildRules = (
			);
			dependencies = (
				2775EE3521E2FB1B001E1291 /* PBXTargetDependency */,
			);
			name = HomeWork1Tests;
			productName = HomeWork1Tests;
			productReference = 2775EE3321E2FB1B001E1291 /* HomeWork1Tests.xctest */;
			productType = "com.apple.product-type.bundle.unit-test";
		};
		2775EE3D21E2FB1B001E1291 /* HomeWork1UITests */ = {
			isa = PBXNativeTarget;
			buildConfigurationList = 2775EE4D21E2FB1B001E1291 /* Build configuration list for PBXNativeTarget "HomeWork1UITests" */;
			buildPhases = (
				2775EE3A21E2FB1B001E1291 /* Sources */,
				2775EE3B21E2FB1B001E1291 /* Frameworks */,
				2775EE3C21E2FB1B001E1291 /* Resources */,
			);
			buildRules = (
			);
			dependencies = (
				2775EE4021E2FB1B001E1291 /* PBXTargetDependency */,
			);
			name = HomeWork1UITests;
			productName = HomeWork1UITests;
			productReference = 2775EE3E21E2FB1B001E1291 /* HomeWork1UITests.xctest */;
			productType = "com.apple.product-type.bundle.ui-testing";
		};
/* End PBXNativeTarget section */

/* Begin PBXProject section */
		2775EE1721E2FB18001E1291 /* Project object */ = {
			isa = PBXProject;
			attributes = {
				LastSwiftUpdateCheck = 1010;
				LastUpgradeCheck = 1010;
				ORGANIZATIONNAME = Bernice;
				TargetAttributes = {
					2775EE1E21E2FB18001E1291 = {
						CreatedOnToolsVersion = 10.1;
					};
					2775EE3221E2FB1B001E1291 = {
						CreatedOnToolsVersion = 10.1;
						TestTargetID = 2775EE1E21E2FB18001E1291;
					};
					2775EE3D21E2FB1B001E1291 = {
						CreatedOnToolsVersion = 10.1;
						TestTargetID = 2775EE1E21E2FB18001E1291;
					};
				};
			};
			buildConfigurationList = 2775EE1A21E2FB18001E1291 /* Build configuration list for PBXProject "HomeWork1" */;
			compatibilityVersion = "Xcode 9.3";
			developmentRegion = en;
			hasScannedForEncodings = 0;
			knownRegions = (
				en,
				Base,
			);
			mainGroup = 2775EE1621E2FB18001E1291;
			productRefGroup = 2775EE2021E2FB18001E1291 /* Products */;
			projectDirPath = "";
			projectRoot = "";
			targets = (
				2775EE1E21E2FB18001E1291 /* HomeWork1 */,
				2775EE3221E2FB1B001E1291 /* HomeWork1Tests */,
				2775EE3D21E2FB1B001E1291 /* HomeWork1UITests */,
			);
		};
/* End PBXProject section */

/* Begin PBXResourcesBuildPhase section */
		2775EE1D21E2FB18001E1291 /* Resources */ = {
			isa = PBXResourcesBuildPhase;
			buildActionMask = 2147483647;
			files = (
				2775EE2D21E2FB1B001E1291 /* LaunchScreen.storyboard in Resources */,
				2775EE2A21E2FB1B001E1291 /* Assets.xcassets in Resources */,
				2775EE2821E2FB18001E1291 /* Main.storyboard in Resources */,
			);
			runOnlyForDeploymentPostprocessing = 0;
		};
		2775EE3121E2FB1B001E1291 /* Resources */ = {
			isa = PBXResourcesBuildPhase;
			buildActionMask = 2147483647;
			files = (
			);
			runOnlyForDeploymentPostprocessing = 0;
		};
		2775EE3C21E2FB1B001E1291 /* Resources */ = {
			isa = PBXResourcesBuildPhase;
			buildActionMask = 2147483647;
			files = (
			);
			runOnlyForDeploymentPostprocessing = 0;
		};
/* End PBXResourcesBuildPhase section */

/* Begin PBXSourcesBuildPhase section */
		2775EE1B21E2FB18001E1291 /* Sources */ = {
			isa = PBXSourcesBuildPhase;
			buildActionMask = 2147483647;
			files = (
				2775EE2521E2FB18001E1291 /* ViewController.swift in Sources */,
				2775EE2321E2FB18001E1291 /* AppDelegate.swift in Sources */,
				2775EE5121E35F25001E1291 /* RootViewController.swift in Sources */,
			);
			runOnlyForDeploymentPostprocessing = 0;
		};
		2775EE2F21E2FB1B001E1291 /* Sources */ = {
			isa = PBXSourcesBuildPhase;
			buildActionMask = 2147483647;
			files = (
				2775EE3821E2FB1B001E1291 /* HomeWork1Tests.swift in Sources */,
			);
			runOnlyForDeploymentPostprocessing = 0;
		};
		2775EE3A21E2FB1B001E1291 /* Sources */ = {
			isa = PBXSourcesBuildPhase;
			buildActionMask = 2147483647;
			files = (
				2775EE4321E2FB1B001E1291 /* HomeWork1UITests.swift in Sources */,
			);
			runOnlyForDeploymentPostprocessing = 0;
		};
/* End PBXSourcesBuildPhase section */

/* Begin PBXTargetDependency section */
		2775EE3521E2FB1B001E1291 /* PBXTargetDependency */ = {
			isa = PBXTargetDependency;
			target = 2775EE1E21E2FB18001E1291 /* HomeWork1 */;
			targetProxy = 2775EE3421E2FB1B001E1291 /* PBXContainerItemProxy */;
		};
		2775EE4021E2FB1B001E1291 /* PBXTargetDependency */ = {
			isa = PBXTargetDependency;
			target = 2775EE1E21E2FB18001E1291 /* HomeWork1 */;
			targetProxy = 2775EE3F21E2FB1B001E1291 /* PBXContainerItemProxy */;
		};
/* End PBXTargetDependency section */

/* Begin PBXVariantGroup section */
		2775EE2621E2FB18001E1291 /* Main.storyboard */ = {
			isa = PBXVariantGroup;
			children = (
				2775EE2721E2FB18001E1291 /* Base */,
			);
			name = Main.storyboard;
			sourceTree = "<group>";
		};
		2775EE2B21E2FB1B001E1291 /* LaunchScreen.storyboard */ = {
			isa = PBXVariantGroup;
			children = (
				2775EE2C21E2FB1B001E1291 /* Base */,
			);
			name = LaunchScreen.storyboard;
			sourceTree = "<group>";
		};
/* End PBXVariantGroup section */

/* Begin XCBuildConfiguration section */
		2775EE4521E2FB1B001E1291 /* Debug */ = {
			isa = XCBuildConfiguration;
			buildSettings = {
				ALWAYS_SEARCH_USER_PATHS = NO;
				CLANG_ANALYZER_NONNULL = YES;
				CLANG_ANALYZER_NUMBER_OBJECT_CONVERSION = YES_AGGRESSIVE;
				CLANG_CXX_LANGUAGE_STANDARD = "gnu++14";
				CLANG_CXX_LIBRARY = "libc++";
				CLANG_ENABLE_MODULES = YES;
				CLANG_ENABLE_OBJC_ARC = YES;
				CLANG_ENABLE_OBJC_WEAK = YES;
				CLANG_WARN_BLOCK_CAPTURE_AUTORELEASING = YES;
				CLANG_WARN_BOOL_CONVERSION = YES;
				CLANG_WARN_COMMA = YES;
				CLANG_WARN_CONSTANT_CONVERSION = YES;
				CLANG_WARN_DEPRECATED_OBJC_IMPLEMENTATIONS = YES;
				CLANG_WARN_DIRECT_OBJC_ISA_USAGE = YES_ERROR;
				CLANG_WARN_DOCUMENTATION_COMMENTS = YES;
				CLANG_WARN_EMPTY_BODY = YES;
				CLANG_WARN_ENUM_CONVERSION = YES;
				CLANG_WARN_INFINITE_RECURSION = YES;
				CLANG_WARN_INT_CONVERSION = YES;
				CLANG_WARN_NON_LITERAL_NULL_CONVERSION = YES;
				CLANG_WARN_OBJC_IMPLICIT_RETAIN_SELF = YES;
				CLANG_WARN_OBJC_LITERAL_CONVERSION = YES;
				CLANG_WARN_OBJC_ROOT_CLASS = YES_ERROR;
				CLANG_WARN_RANGE_LOOP_ANALYSIS = YES;
				CLANG_WARN_STRICT_PROTOTYPES = YES;
				CLANG_WARN_SUSPICIOUS_MOVE = YES;
				CLANG_WARN_UNGUARDED_AVAILABILITY = YES_AGGRESSIVE;
				CLANG_WARN_UNREACHABLE_CODE = YES;
				CLANG_WARN__DUPLICATE_METHOD_MATCH = YES;
				CODE_SIGN_IDENTITY = "iPhone Developer";
				COPY_PHASE_STRIP = NO;
				DEBUG_INFORMATION_FORMAT = dwarf;
				ENABLE_STRICT_OBJC_MSGSEND = YES;
				ENABLE_TESTABILITY = YES;
				GCC_C_LANGUAGE_STANDARD = gnu11;
				GCC_DYNAMIC_NO_PIC = NO;
				GCC_NO_COMMON_BLOCKS = YES;
				GCC_OPTIMIZATION_LEVEL = 0;
				GCC_PREPROCESSOR_DEFINITIONS = (
					"DEBUG=1",
					"$(inherited)",
				);
				GCC_WARN_64_TO_32_BIT_CONVERSION = YES;
				GCC_WARN_ABOUT_RETURN_TYPE = YES_ERROR;
				GCC_WARN_UNDECLARED_SELECTOR = YES;
				GCC_WARN_UNINITIALIZED_AUTOS = YES_AGGRESSIVE;
				GCC_WARN_UNUSED_FUNCTION = YES;
				GCC_WARN_UNUSED_VARIABLE = YES;
				IPHONEOS_DEPLOYMENT_TARGET = 12.1;
				MTL_ENABLE_DEBUG_INFO = INCLUDE_SOURCE;
				MTL_FAST_MATH = YES;
				ONLY_ACTIVE_ARCH = YES;
				SDKROOT = iphoneos;
				SWIFT_ACTIVE_COMPILATION_CONDITIONS = DEBUG;
				SWIFT_OPTIMIZATION_LEVEL = "-Onone";
			};
			name = Debug;
		};
		2775EE4621E2FB1B001E1291 /* Release */ = {
			isa = XCBuildConfiguration;
			buildSettings = {
				ALWAYS_SEARCH_USER_PATHS = NO;
				CLANG_ANALYZER_NONNULL = YES;
				CLANG_ANALYZER_NUMBER_OBJECT_CONVERSION = YES_AGGRESSIVE;
				CLANG_CXX_LANGUAGE_STANDARD = "gnu++14";
				CLANG_CXX_LIBRARY = "libc++";
				CLANG_ENABLE_MODULES = YES;
				CLANG_ENABLE_OBJC_ARC = YES;
				CLANG_ENABLE_OBJC_WEAK = YES;
				CLANG_WARN_BLOCK_CAPTURE_AUTORELEASING = YES;
				CLANG_WARN_BOOL_CONVERSION = YES;
				CLANG_WARN_COMMA = YES;
				CLANG_WARN_CONSTANT_CONVERSION = YES;
				CLANG_WARN_DEPRECATED_OBJC_IMPLEMENTATIONS = YES;
				CLANG_WARN_DIRECT_OBJC_ISA_USAGE = YES_ERROR;
				CLANG_WARN_DOCUMENTATION_COMMENTS = YES;
				CLANG_WARN_EMPTY_BODY = YES;
				CLANG_WARN_ENUM_CONVERSION = YES;
				CLANG_WARN_INFINITE_RECURSION = YES;
				CLANG_WARN_INT_CONVERSION = YES;
				CLANG_WARN_NON_LITERAL_NULL_CONVERSION = YES;
				CLANG_WARN_OBJC_IMPLICIT_RETAIN_SELF = YES;
				CLANG_WARN_OBJC_LITERAL_CONVERSION = YES;
				CLANG_WARN_OBJC_ROOT_CLASS = YES_ERROR;
				CLANG_WARN_RANGE_LOOP_ANALYSIS = YES;
				CLANG_WARN_STRICT_PROTOTYPES = YES;
				CLANG_WARN_SUSPICIOUS_MOVE = YES;
				CLANG_WARN_UNGUARDED_AVAILABILITY = YES_AGGRESSIVE;
				CLANG_WARN_UNREACHABLE_CODE = YES;
				CLANG_WARN__DUPLICATE_METHOD_MATCH = YES;
				CODE_SIGN_IDENTITY = "iPhone Developer";
				COPY_PHASE_STRIP = NO;
				DEBUG_INFORMATION_FORMAT = "dwarf-with-dsym";
				ENABLE_NS_ASSERTIONS = NO;
				ENABLE_STRICT_OBJC_MSGSEND = YES;
				GCC_C_LANGUAGE_STANDARD = gnu11;
				GCC_NO_COMMON_BLOCKS = YES;
				GCC_WARN_64_TO_32_BIT_CONVERSION = YES;
				GCC_WARN_ABOUT_RETURN_TYPE = YES_ERROR;
				GCC_WARN_UNDECLARED_SELECTOR = YES;
				GCC_WARN_UNINITIALIZED_AUTOS = YES_AGGRESSIVE;
				GCC_WARN_UNUSED_FUNCTION = YES;
				GCC_WARN_UNUSED_VARIABLE = YES;
				IPHONEOS_DEPLOYMENT_TARGET = 12.1;
				MTL_ENABLE_DEBUG_INFO = NO;
				MTL_FAST_MATH = YES;
				SDKROOT = iphoneos;
				SWIFT_COMPILATION_MODE = wholemodule;
				SWIFT_OPTIMIZATION_LEVEL = "-O";
				VALIDATE_PRODUCT = YES;
			};
			name = Release;
		};
		2775EE4821E2FB1B001E1291 /* Debug */ = {
			isa = XCBuildConfiguration;
			buildSettings = {
				ASSETCATALOG_COMPILER_APPICON_NAME = AppIcon;
				CODE_SIGN_STYLE = Automatic;
				INFOPLIST_FILE = HomeWork1/Info.plist;
				LD_RUNPATH_SEARCH_PATHS = (
					"$(inherited)",
					"@executable_path/Frameworks",
				);
				PRODUCT_BUNDLE_IDENTIFIER = exercise.HomeWork1;
				PRODUCT_NAME = "$(TARGET_NAME)";
				SWIFT_VERSION = 4.2;
				TARGETED_DEVICE_FAMILY = "1,2";
			};
			name = Debug;
		};
		2775EE4921E2FB1B001E1291 /* Release */ = {
			isa = XCBuildConfiguration;
			buildSettings = {
				ASSETCATALOG_COMPILER_APPICON_NAME = AppIcon;
				CODE_SIGN_STYLE = Automatic;
				INFOPLIST_FILE = HomeWork1/Info.plist;
				LD_RUNPATH_SEARCH_PATHS = (
					"$(inherited)",
					"@executable_path/Frameworks",
				);
				PRODUCT_BUNDLE_IDENTIFIER = exercise.HomeWork1;
				PRODUCT_NAME = "$(TARGET_NAME)";
				SWIFT_VERSION = 4.2;
				TARGETED_DEVICE_FAMILY = "1,2";
			};
			name = Release;
		};
		2775EE4B21E2FB1B001E1291 /* Debug */ = {
			isa = XCBuildConfiguration;
			buildSettings = {
				ALWAYS_EMBED_SWIFT_STANDARD_LIBRARIES = YES;
				BUNDLE_LOADER = "$(TEST_HOST)";
				CODE_SIGN_STYLE = Automatic;
				INFOPLIST_FILE = HomeWork1Tests/Info.plist;
				LD_RUNPATH_SEARCH_PATHS = (
					"$(inherited)",
					"@executable_path/Frameworks",
					"@loader_path/Frameworks",
				);
				PRODUCT_BUNDLE_IDENTIFIER = exercise.HomeWork1Tests;
				PRODUCT_NAME = "$(TARGET_NAME)";
				SWIFT_VERSION = 4.2;
				TARGETED_DEVICE_FAMILY = "1,2";
				TEST_HOST = "$(BUILT_PRODUCTS_DIR)/HomeWork1.app/HomeWork1";
			};
			name = Debug;
		};
		2775EE4C21E2FB1B001E1291 /* Release */ = {
			isa = XCBuildConfiguration;
			buildSettings = {
				ALWAYS_EMBED_SWIFT_STANDARD_LIBRARIES = YES;
				BUNDLE_LOADER = "$(TEST_HOST)";
				CODE_SIGN_STYLE = Automatic;
				INFOPLIST_FILE = HomeWork1Tests/Info.plist;
				LD_RUNPATH_SEARCH_PATHS = (
					"$(inherited)",
					"@executable_path/Frameworks",
					"@loader_path/Frameworks",
				);
				PRODUCT_BUNDLE_IDENTIFIER = exercise.HomeWork1Tests;
				PRODUCT_NAME = "$(TARGET_NAME)";
				SWIFT_VERSION = 4.2;
				TARGETED_DEVICE_FAMILY = "1,2";
				TEST_HOST = "$(BUILT_PRODUCTS_DIR)/HomeWork1.app/HomeWork1";
			};
			name = Release;
		};
		2775EE4E21E2FB1B001E1291 /* Debug */ = {
			isa = XCBuildConfiguration;
			buildSettings = {
				ALWAYS_EMBED_SWIFT_STANDARD_LIBRARIES = YES;
				CODE_SIGN_STYLE = Automatic;
				INFOPLIST_FILE = HomeWork1UITests/Info.plist;
				LD_RUNPATH_SEARCH_PATHS = (
					"$(inherited)",
					"@executable_path/Frameworks",
					"@loader_path/Frameworks",
				);
				PRODUCT_BUNDLE_IDENTIFIER = exercise.HomeWork1UITests;
				PRODUCT_NAME = "$(TARGET_NAME)";
				SWIFT_VERSION = 4.2;
				TARGETED_DEVICE_FAMILY = "1,2";
				TEST_TARGET_NAME = HomeWork1;
			};
			name = Debug;
		};
		2775EE4F21E2FB1B001E1291 /* Release */ = {
			isa = XCBuildConfiguration;
			buildSettings = {
				ALWAYS_EMBED_SWIFT_STANDARD_LIBRARIES = YES;
				CODE_SIGN_STYLE = Automatic;
				INFOPLIST_FILE = HomeWork1UITests/Info.plist;
				LD_RUNPATH_SEARCH_PATHS = (
					"$(inherited)",
					"@executable_path/Frameworks",
					"@loader_path/Frameworks",
				);
				PRODUCT_BUNDLE_IDENTIFIER = exercise.HomeWork1UITests;
				PRODUCT_NAME = "$(TARGET_NAME)";
				SWIFT_VERSION = 4.2;
				TARGETED_DEVICE_FAMILY = "1,2";
				TEST_TARGET_NAME = HomeWork1;
			};
			name = Release;
		};
/* End XCBuildConfiguration section */

/* Begin XCConfigurationList section */
		2775EE1A21E2FB18001E1291 /* Build configuration list for PBXProject "HomeWork1" */ = {
			isa = XCConfigurationList;
			buildConfigurations = (
				2775EE4521E2FB1B001E1291 /* Debug */,
				2775EE4621E2FB1B001E1291 /* Release */,
			);
			defaultConfigurationIsVisible = 0;
			defaultConfigurationName = Release;
		};
		2775EE4721E2FB1B001E1291 /* Build configuration list for PBXNativeTarget "HomeWork1" */ = {
			isa = XCConfigurationList;
			buildConfigurations = (
				2775EE4821E2FB1B001E1291 /* Debug */,
				2775EE4921E2FB1B001E1291 /* Release */,
			);
			defaultConfigurationIsVisible = 0;
			defaultConfigurationName = Release;
		};
		2775EE4A21E2FB1B001E1291 /* Build configuration list for PBXNativeTarget "HomeWork1Tests" */ = {
			isa = XCConfigurationList;
			buildConfigurations = (
				2775EE4B21E2FB1B001E1291 /* Debug */,
				2775EE4C21E2FB1B001E1291 /* Release */,
			);
			defaultConfigurationIsVisible = 0;
			defaultConfigurationName = Release;
		};
		2775EE4D21E2FB1B001E1291 /* Build configuration list for PBXNativeTarget "HomeWork1UITests" */ = {
			isa = XCConfigurationList;
			buildConfigurations = (
				2775EE4E21E2FB1B001E1291 /* Debug */,
				2775EE4F21E2FB1B001E1291 /* Release */,
			);
			defaultConfigurationIsVisible = 0;
			defaultConfigurationName = Release;
		};
/* End XCConfigurationList section */
	};
	rootObject = 2775EE1721E2FB18001E1291 /* Project object */;
}
